
Microsoft Visual Studio Solution File, Format Version 12.00
# Visual Studio 15
VisualStudioVersion = 15.0.26730.3
MinimumVisualStudioVersion = 10.0.40219.1
Project("{9A19103F-16F7-4668-BE54-9A1E7A4F7556}") = "Hake.Extension.DependencyInjection", "Hake.Extension.DependencyInjection\Hake.Extension.DependencyInjection.csproj", "{9FBC2131-AE8C-4273-B09D-A63187E016E0}"
EndProject
Project("{9A19103F-16F7-4668-BE54-9A1E7A4F7556}") = "Test", "Test\Test.csproj", "{F5B7FC9E-3959-465B-A4EB-6884463DC261}"
EndProject
Global
	GlobalSection(SolutionConfigurationPlatforms) = preSolution
		Debug|Any CPU = Debug|Any CPU
		Release|Any CPU = Release|Any CPU
	EndGlobalSection
	GlobalSection(ProjectConfigurationPlatforms) = postSolution
		{9FBC2131-AE8C-4273-B09D-A63187E016E0}.Debug|Any CPU.ActiveCfg = Debug|Any CPU
		{9FBC2131-AE8C-4273-B09D-A63187E016E0}.Debug|Any CPU.Build.0 = Debug|Any CPU
		{9FBC2131-AE8C-4273-B09D-A63187E016E0}.Release|Any CPU.ActiveCfg = Release|Any CPU
		{9FBC2131-AE8C-4273-B09D-A63187E016E0}.Release|Any CPU.Build.0 = Release|Any CPU
		{F5B7FC9E-3959-465B-A4EB-6884463DC261}.Debug|Any CPU.ActiveCfg = Debug|Any CPU
		{F5B7FC9E-3959-465B-A4EB-6884463DC261}.Debug|Any CPU.Build.0 = Debug|Any CPU
		{F5B7FC9E-3959-465B-A4EB-6884463DC261}.Release|Any CPU.ActiveCfg = Release|Any CPU
		{F5B7FC9E-3959-465B-A4EB-6884463DC261}.Release|Any CPU.Build.0 = Release|Any CPU
	EndGlobalSection
	GlobalSection(SolutionProperties) = preSolution
		HideSolutionNode = FALSE
	EndGlobalSection
	GlobalSection(ExtensibilityGlobals) = postSolution
		SolutionGuid = {6FF2E8DB-B49B-4272-BA5B-45D646951CF5}
	EndGlobalSection
EndGlobal
